
Microsoft Visual Studio Solution File, Format Version 12.00
# Visual Studio Version 17
VisualStudioVersion = 17.3.32811.315
MinimumVisualStudioVersion = 10.0.40219.1
Project("{FAE04EC0-301F-11D3-BF4B-00C04F79EFBC}") = "Tasks", "Tasks\Tasks.csproj", "{6F3D7824-ADA7-42C6-B51A-2A75CDA45204}"
EndProject
Project("{FAE04EC0-301F-11D3-BF4B-00C04F79EFBC}") = "AsyncAwait.WindowsForms", "AsyncAwait.WindowsForms\AsyncAwait.WindowsForms.csproj", "{FA1367D0-AE26-4AA4-B8F3-4B93E2EB1113}"
EndProject
Global
	GlobalSection(SolutionConfigurationPlatforms) = preSolution
		Debug|Any CPU = Debug|Any CPU
		Release|Any CPU = Release|Any CPU
	EndGlobalSection
	GlobalSection(ProjectConfigurationPlatforms) = postSolution
		{6F3D7824-ADA7-42C6-B51A-2A75CDA45204}.Debug|Any CPU.ActiveCfg = Debug|Any CPU
		{6F3D7824-ADA7-42C6-B51A-2A75CDA45204}.Debug|Any CPU.Build.0 = Debug|Any CPU
		{6F3D7824-ADA7-42C6-B51A-2A75CDA45204}.Release|Any CPU.ActiveCfg = Release|Any CPU
		{6F3D7824-ADA7-42C6-B51A-2A75CDA45204}.Release|Any CPU.Build.0 = Release|Any CPU
		{FA1367D0-AE26-4AA4-B8F3-4B93E2EB1113}.Debug|Any CPU.ActiveCfg = Debug|Any CPU
		{FA1367D0-AE26-4AA4-B8F3-4B93E2EB1113}.Debug|Any CPU.Build.0 = Debug|Any CPU
		{FA1367D0-AE26-4AA4-B8F3-4B93E2EB1113}.Release|Any CPU.ActiveCfg = Release|Any CPU
		{FA1367D0-AE26-4AA4-B8F3-4B93E2EB1113}.Release|Any CPU.Build.0 = Release|Any CPU
	EndGlobalSection
	GlobalSection(SolutionProperties) = preSolution
		HideSolutionNode = FALSE
	EndGlobalSection
	GlobalSection(ExtensibilityGlobals) = postSolution
		SolutionGuid = {D0639400-94DF-41AC-9CDF-F556DE046C70}
	EndGlobalSection
EndGlobal
